
Microsoft Visual Studio Solution File, Format Version 12.00
# Visual Studio 15
VisualStudioVersion = 15.0.26403.7
MinimumVisualStudioVersion = 10.0.40219.1
Project("{2150E333-8FDC-42A3-9474-1A3956D46DE8}") = "Engine", "Engine", "{00F475DD-86DD-4BF1-8E2B-74DB2A576655}"
EndProject
Project("{2150E333-8FDC-42A3-9474-1A3956D46DE8}") = "Games", "Games", "{D190430C-884F-49F1-9C7F-8056EB7AF11F}"
EndProject
Project("{8BC9CEB8-8B4A-11D0-8D11-00A0C91BC942}") = "UE4", "Intermediate\ProjectFiles\UE4.vcxproj", "{83F43240-41F8-4B60-8DAF-CF589E6B89C6}"
EndProject
Project("{8BC9CEB8-8B4A-11D0-8D11-00A0C91BC942}") = "BuildingEscape", "Intermediate\ProjectFiles\BuildingEscape.vcxproj", "{120AFA0F-625F-4FE4-8B3A-57339578F80D}"
EndProject
Global
	GlobalSection(SolutionConfigurationPlatforms) = preSolution
		DebugGame Editor|HTML5 = DebugGame Editor|HTML5
		DebugGame Editor|IOS = DebugGame Editor|IOS
		DebugGame Editor|Win32 = DebugGame Editor|Win32
		DebugGame Editor|Win64 = DebugGame Editor|Win64
		DebugGame|HTML5 = DebugGame|HTML5
		DebugGame|IOS = DebugGame|IOS
		DebugGame|Win32 = DebugGame|Win32
		DebugGame|Win64 = DebugGame|Win64
		Development Editor|HTML5 = Development Editor|HTML5
		Development Editor|IOS = Development Editor|IOS
		Development Editor|Win32 = Development Editor|Win32
		Development Editor|Win64 = Development Editor|Win64
		Development|HTML5 = Development|HTML5
		Development|IOS = Development|IOS
		Development|Win32 = Development|Win32
		Development|Win64 = Development|Win64
		Shipping|HTML5 = Shipping|HTML5
		Shipping|IOS = Shipping|IOS
		Shipping|Win32 = Shipping|Win32
		Shipping|Win64 = Shipping|Win64
	EndGlobalSection
	GlobalSection(ProjectConfigurationPlatforms) = postSolution
		{83F43240-41F8-4B60-8DAF-CF589E6B89C6}.DebugGame Editor|HTML5.ActiveCfg = BuiltWithUnrealBuildTool|Win32
		{83F43240-41F8-4B60-8DAF-CF589E6B89C6}.DebugGame Editor|HTML5.Build.0 = BuiltWithUnrealBuildTool|Win32
		{83F43240-41F8-4B60-8DAF-CF589E6B89C6}.DebugGame Editor|IOS.ActiveCfg = BuiltWithUnrealBuildTool|Win32
		{83F43240-41F8-4B60-8DAF-CF589E6B89C6}.DebugGame Editor|IOS.Build.0 = BuiltWithUnrealBuildTool|Win32
		{83F43240-41F8-4B60-8DAF-CF589E6B89C6}.DebugGame Editor|Win32.ActiveCfg = BuiltWithUnrealBuildTool|Win32
		{83F43240-41F8-4B60-8DAF-CF589E6B89C6}.DebugGame Editor|Win32.Build.0 = BuiltWithUnrealBuildTool|Win32
		{83F43240-41F8-4B60-8DAF-CF589E6B89C6}.DebugGame Editor|Win64.ActiveCfg = BuiltWithUnrealBuildTool|Win32
		{83F43240-41F8-4B60-8DAF-CF589E6B89C6}.DebugGame Editor|Win64.Build.0 = BuiltWithUnrealBuildTool|Win32
		{83F43240-41F8-4B60-8DAF-CF589E6B89C6}.DebugGame|HTML5.ActiveCfg = BuiltWithUnrealBuildTool|Win32
		{83F43240-41F8-4B60-8DAF-CF589E6B89C6}.DebugGame|HTML5.Build.0 = BuiltWithUnrealBuildTool|Win32
		{83F43240-41F8-4B60-8DAF-CF589E6B89C6}.DebugGame|IOS.ActiveCfg = BuiltWithUnrealBuildTool|Win32
		{83F43240-41F8-4B60-8DAF-CF589E6B89C6}.DebugGame|IOS.Build.0 = BuiltWithUnrealBuildTool|Win32
		{83F43240-41F8-4B60-8DAF-CF589E6B89C6}.DebugGame|Win32.ActiveCfg = BuiltWithUnrealBuildTool|Win32
		{83F43240-41F8-4B60-8DAF-CF589E6B89C6}.DebugGame|Win32.Build.0 = BuiltWithUnrealBuildTool|Win32
		{83F43240-41F8-4B60-8DAF-CF589E6B89C6}.DebugGame|Win64.ActiveCfg = BuiltWithUnrealBuildTool|Win32
		{83F43240-41F8-4B60-8DAF-CF589E6B89C6}.DebugGame|Win64.Build.0 = BuiltWithUnrealBuildTool|Win32
		{83F43240-41F8-4B60-8DAF-CF589E6B89C6}.Development Editor|HTML5.ActiveCfg = BuiltWithUnrealBuildTool|Win32
		{83F43240-41F8-4B60-8DAF-CF589E6B89C6}.Development Editor|HTML5.Build.0 = BuiltWithUnrealBuildTool|Win32
		{83F43240-41F8-4B60-8DAF-CF589E6B89C6}.Development Editor|IOS.ActiveCfg = BuiltWithUnrealBuildTool|Win32
		{83F43240-41F8-4B60-8DAF-CF589E6B89C6}.Development Editor|IOS.Build.0 = BuiltWithUnrealBuildTool|Win32
		{83F43240-41F8-4B60-8DAF-CF589E6B89C6}.Development Editor|Win32.ActiveCfg = BuiltWithUnrealBuildTool|Win32
		{83F43240-41F8-4B60-8DAF-CF589E6B89C6}.Development Editor|Win32.Build.0 = BuiltWithUnrealBuildTool|Win32
		{83F43240-41F8-4B60-8DAF-CF589E6B89C6}.Development Editor|Win64.ActiveCfg = BuiltWithUnrealBuildTool|Win32
		{83F43240-41F8-4B60-8DAF-CF589E6B89C6}.Development Editor|Win64.Build.0 = BuiltWithUnrealBuildTool|Win32
		{83F43240-41F8-4B60-8DAF-CF589E6B89C6}.Development|HTML5.ActiveCfg = BuiltWithUnrealBuildTool|Win32
		{83F43240-41F8-4B60-8DAF-CF589E6B89C6}.Development|HTML5.Build.0 = BuiltWithUnrealBuildTool|Win32
		{83F43240-41F8-4B60-8DAF-CF589E6B89C6}.Development|IOS.ActiveCfg = BuiltWithUnrealBuildTool|Win32
		{83F43240-41F8-4B60-8DAF-CF589E6B89C6}.Development|IOS.Build.0 = BuiltWithUnrealBuildTool|Win32
		{83F43240-41F8-4B60-8DAF-CF589E6B89C6}.Development|Win32.ActiveCfg = BuiltWithUnrealBuildTool|Win32
		{83F43240-41F8-4B60-8DAF-CF589E6B89C6}.Development|Win32.Build.0 = BuiltWithUnrealBuildTool|Win32
		{83F43240-41F8-4B60-8DAF-CF589E6B89C6}.Development|Win64.ActiveCfg = BuiltWithUnrealBuildTool|Win32
		{83F43240-41F8-4B60-8DAF-CF589E6B89C6}.Development|Win64.Build.0 = BuiltWithUnrealBuildTool|Win32
		{83F43240-41F8-4B60-8DAF-CF589E6B89C6}.Shipping|HTML5.ActiveCfg = BuiltWithUnrealBuildTool|Win32
		{83F43240-41F8-4B60-8DAF-CF589E6B89C6}.Shipping|HTML5.Build.0 = BuiltWithUnrealBuildTool|Win32
		{83F43240-41F8-4B60-8DAF-CF589E6B89C6}.Shipping|IOS.ActiveCfg = BuiltWithUnrealBuildTool|Win32
		{83F43240-41F8-4B60-8DAF-CF589E6B89C6}.Shipping|IOS.Build.0 = BuiltWithUnrealBuildTool|Win32
		{83F43240-41F8-4B60-8DAF-CF589E6B89C6}.Shipping|Win32.ActiveCfg = BuiltWithUnrealBuildTool|Win32
		{83F43240-41F8-4B60-8DAF-CF589E6B89C6}.Shipping|Win32.Build.0 = BuiltWithUnrealBuildTool|Win32
		{83F43240-41F8-4B60-8DAF-CF589E6B89C6}.Shipping|Win64.ActiveCfg = BuiltWithUnrealBuildTool|Win32
		{83F43240-41F8-4B60-8DAF-CF589E6B89C6}.Shipping|Win64.Build.0 = BuiltWithUnrealBuildTool|Win32
		{120AFA0F-625F-4FE4-8B3A-57339578F80D}.DebugGame Editor|HTML5.ActiveCfg = HTML5_DebugGame_Editor|Win32
		{120AFA0F-625F-4FE4-8B3A-57339578F80D}.DebugGame Editor|IOS.ActiveCfg = IOS_DebugGame_Editor|Win32
		{120AFA0F-625F-4FE4-8B3A-57339578F80D}.DebugGame Editor|Win32.ActiveCfg = DebugGame_Editor|Win32
		{120AFA0F-625F-4FE4-8B3A-57339578F80D}.DebugGame Editor|Win64.ActiveCfg = DebugGame_Editor|x64
		{120AFA0F-625F-4FE4-8B3A-57339578F80D}.DebugGame Editor|Win64.Build.0 = DebugGame_Editor|x64
		{120AFA0F-625F-4FE4-8B3A-57339578F80D}.DebugGame|HTML5.ActiveCfg = HTML5_DebugGame_Game|Win32
		{120AFA0F-625F-4FE4-8B3A-57339578F80D}.DebugGame|HTML5.Build.0 = HTML5_DebugGame_Game|Win32
		{120AFA0F-625F-4FE4-8B3A-57339578F80D}.DebugGame|IOS.ActiveCfg = IOS_DebugGame_Game|Win32
		{120AFA0F-625F-4FE4-8B3A-57339578F80D}.DebugGame|IOS.Build.0 = IOS_DebugGame_Game|Win32
		{120AFA0F-625F-4FE4-8B3A-57339578F80D}.DebugGame|Win32.ActiveCfg = DebugGame_Game|Win32
		{120AFA0F-625F-4FE4-8B3A-57339578F80D}.DebugGame|Win32.Build.0 = DebugGame_Game|Win32
		{120AFA0F-625F-4FE4-8B3A-57339578F80D}.DebugGame|Win64.ActiveCfg = DebugGame_Game|x64
		{120AFA0F-625F-4FE4-8B3A-57339578F80D}.DebugGame|Win64.Build.0 = DebugGame_Game|x64
		{120AFA0F-625F-4FE4-8B3A-57339578F80D}.Development Editor|HTML5.ActiveCfg = HTML5_Development_Editor|Win32
		{120AFA0F-625F-4FE4-8B3A-57339578F80D}.Development Editor|IOS.ActiveCfg = IOS_Development_Editor|Win32
		{120AFA0F-625F-4FE4-8B3A-57339578F80D}.Development Editor|Win32.ActiveCfg = Development_Editor|Win32
		{120AFA0F-625F-4FE4-8B3A-57339578F80D}.Development Editor|Win64.ActiveCfg = Development_Editor|x64
		{120AFA0F-625F-4FE4-8B3A-57339578F80D}.Development Editor|Win64.Build.0 = Development_Editor|x64
		{120AFA0F-625F-4FE4-8B3A-57339578F80D}.Development|HTML5.ActiveCfg = HTML5_Development_Game|Win32
		{120AFA0F-625F-4FE4-8B3A-57339578F80D}.Development|HTML5.Build.0 = HTML5_Development_Game|Win32
		{120AFA0F-625F-4FE4-8B3A-57339578F80D}.Development|IOS.ActiveCfg = IOS_Development_Game|Win32
		{120AFA0F-625F-4FE4-8B3A-57339578F80D}.Development|IOS.Build.0 = IOS_Development_Game|Win32
		{120AFA0F-625F-4FE4-8B3A-57339578F80D}.Development|Win32.ActiveCfg = Development_Game|Win32
		{120AFA0F-625F-4FE4-8B3A-57339578F80D}.Development|Win32.Build.0 = Development_Game|Win32
		{120AFA0F-625F-4FE4-8B3A-57339578F80D}.Development|Win64.ActiveCfg = Development_Game|x64
		{120AFA0F-625F-4FE4-8B3A-57339578F80D}.Development|Win64.Build.0 = Development_Game|x64
		{120AFA0F-625F-4FE4-8B3A-57339578F80D}.Shipping|HTML5.ActiveCfg = HTML5_Shipping_Game|Win32
		{120AFA0F-625F-4FE4-8B3A-57339578F80D}.Shipping|HTML5.Build.0 = HTML5_Shipping_Game|Win32
		{120AFA0F-625F-4FE4-8B3A-57339578F80D}.Shipping|IOS.ActiveCfg = IOS_Shipping_Game|Win32
		{120AFA0F-625F-4FE4-8B3A-57339578F80D}.Shipping|IOS.Build.0 = IOS_Shipping_Game|Win32
		{120AFA0F-625F-4FE4-8B3A-57339578F80D}.Shipping|Win32.ActiveCfg = Shipping_Game|Win32
		{120AFA0F-625F-4FE4-8B3A-57339578F80D}.Shipping|Win32.Build.0 = Shipping_Game|Win32
		{120AFA0F-625F-4FE4-8B3A-57339578F80D}.Shipping|Win64.ActiveCfg = Shipping_Game|x64
		{120AFA0F-625F-4FE4-8B3A-57339578F80D}.Shipping|Win64.Build.0 = Shipping_Game|x64
	EndGlobalSection
	GlobalSection(SolutionProperties) = preSolution
		HideSolutionNode = FALSE
	EndGlobalSection
	GlobalSection(NestedProjects) = preSolution
		{83F43240-41F8-4B60-8DAF-CF589E6B89C6} = {00F475DD-86DD-4BF1-8E2B-74DB2A576655}
		{120AFA0F-625F-4FE4-8B3A-57339578F80D} = {D190430C-884F-49F1-9C7F-8056EB7AF11F}
	EndGlobalSection
EndGlobal
